
Microsoft Visual Studio Solution File, Format Version 12.00
# Visual Studio Version 16
VisualStudioVersion = 16.0.32428.217
MinimumVisualStudioVersion = 10.0.40219.1
Project("{FAE04EC0-301F-11D3-BF4B-00C04F79EFBC}") = "ExemploRepeticao", "ExemploRepeticao\ExemploRepeticao.csproj", "{B05A52B9-C05D-44DB-AA57-D42198C5F44B}"
EndProject
Global
	GlobalSection(SolutionConfigurationPlatforms) = preSolution
		Debug|Any CPU = Debug|Any CPU
		Release|Any CPU = Release|Any CPU
	EndGlobalSection
	GlobalSection(ProjectConfigurationPlatforms) = postSolution
		{B05A52B9-C05D-44DB-AA57-D42198C5F44B}.Debug|Any CPU.ActiveCfg = Debug|Any CPU
		{B05A52B9-C05D-44DB-AA57-D42198C5F44B}.Debug|Any CPU.Build.0 = Debug|Any CPU
		{B05A52B9-C05D-44DB-AA57-D42198C5F44B}.Release|Any CPU.ActiveCfg = Release|Any CPU
		{B05A52B9-C05D-44DB-AA57-D42198C5F44B}.Release|Any CPU.Build.0 = Release|Any CPU
	EndGlobalSection
	GlobalSection(SolutionProperties) = preSolution
		HideSolutionNode = FALSE
	EndGlobalSection
	GlobalSection(ExtensibilityGlobals) = postSolution
		SolutionGuid = {F9019930-F060-41A1-A162-757AEF4F7625}
	EndGlobalSection
EndGlobal
